// !$*UTF8*$!
{
	archiveVersion = 1;
	classes = {
	};
	objectVersion = 46;
	objects = {

/* Begin PBXBuildFile section */
		5D72D2EC1C16249000E22EC1 /* RCTImageResizer.h in CopyFiles */ = {isa = PBXBuildFile; fileRef = 5D72D2EB1C16249000E22EC1 /* RCTImageResizer.h */; };
		5D72D2EE1C16249000E22EC1 /* RCTImageResizer.m in Sources */ = {isa = PBXBuildFile; fileRef = 5D72D2ED1C16249000E22EC1 /* RCTImageResizer.m */; };
		B62D1C4C1C95C21300AD70F2 /* ImageHelpers.m in Sources */ = {isa = PBXBuildFile; fileRef = B62D1C4B1C95C21300AD70F2 /* ImageHelpers.m */; };
/* End PBXBuildFile section */

/* Begin PBXCopyFilesBuildPhase section */
		5D72D2E61C16249000E22EC1 /* CopyFiles */ = {
			isa = PBXCopyFilesBuildPhase;
			buildActionMask = 2147483647;
			dstPath = "include/$(PRODUCT_NAME)";
			dstSubfolderSpec = 16;
			files = (
				5D72D2EC1C16249000E22EC1 /* RCTImageResizer.h in CopyFiles */,
			);
			runOnlyForDeploymentPostprocessing = 0;
		};
/* End PBXCopyFilesBuildPhase section */

/* Begin PBXFileReference section */
		5D72D2E81C16249000E22EC1 /* libRCTImageResizer.a */ = {isa = PBXFileReference; explicitFileType = archive.ar; includeInIndex = 0; path = libRCTImageResizer.a; sourceTree = BUILT_PRODUCTS_DIR; };
		5D72D2EB1C16249000E22EC1 /* RCTImageResizer.h */ = {isa = PBXFileReference; lastKnownFileType = sourcecode.c.h; path = RCTImageResizer.h; sourceTree = "<group>"; };
		5D72D2ED1C16249000E22EC1 /* RCTImageResizer.m */ = {isa = PBXFileReference; lastKnownFileType = sourcecode.c.objc; path = RCTImageResizer.m; sourceTree = "<group>"; };
		B62D1C4A1C95C21300AD70F2 /* ImageHelpers.h */ = {isa = PBXFileReference; fileEncoding = 4; lastKnownFileType = sourcecode.c.h; path = ImageHelpers.h; sourceTree = "<group>"; };
		B62D1C4B1C95C21300AD70F2 /* ImageHelpers.m */ = {isa = PBXFileReference; fileEncoding = 4; lastKnownFileType = sourcecode.c.objc; path = ImageHelpers.m; sourceTree = "<group>"; };
/* End PBXFileReference section */

/* Begin PBXFrameworksBuildPhase section */
		5D72D2E51C16249000E22EC1 /* Frameworks */ = {
			isa = PBXFrameworksBuildPhase;
			buildActionMask = 2147483647;
			files = (
			);
			runOnlyForDeploymentPostprocessing = 0;
		};
/* End PBXFrameworksBuildPhase section */

/* Begin PBXGroup section */
		5D72D2DF1C16249000E22EC1 = {
			isa = PBXGroup;
			children = (
				5D72D2EA1C16249000E22EC1 /* RCTImageResizer */,
				5D72D2E91C16249000E22EC1 /* Products */,
			);
			sourceTree = "<group>";
		};
		5D72D2E91C16249000E22EC1 /* Products */ = {
			isa = PBXGroup;
			children = (
				5D72D2E81C16249000E22EC1 /* libRCTImageResizer.a */,
			);
			name = Products;
			sourceTree = "<group>";
		};
		5D72D2EA1C16249000E22EC1 /* RCTImageResizer */ = {
			isa = PBXGroup;
			children = (
				5D72D2EB1C16249000E22EC1 /* RCTImageResizer.h */,
				5D72D2ED1C16249000E22EC1 /* RCTImageResizer.m */,
				B62D1C4A1C95C21300AD70F2 /* ImageHelpers.h */,
				B62D1C4B1C95C21300AD70F2 /* ImageHelpers.m */,
			);
			path = RCTImageResizer;
			sourceTree = "<group>";
		};
/* End PBXGroup section */

/* Begin PBXNativeTarget section */
		5D72D2E71C16249000E22EC1 /* RCTImageResizer */ = {
			isa = PBXNativeTarget;
			buildConfigurationList = 5D72D2F11C16249000E22EC1 /* Build configuration list for PBXNativeTarget "RCTImageResizer" */;
			buildPhases = (
				5D72D2E41C16249000E22EC1 /* Sources */,
				5D72D2E51C16249000E22EC1 /* Frameworks */,
				5D72D2E61C16249000E22EC1 /* CopyFiles */,
			);
			buildRules = (
			);
			dependencies = (
			);
			name = RCTImageResizer;
			productName = RCTImageResizer;
			productReference = 5D72D2E81C16249000E22EC1 /* libRCTImageResizer.a */;
			productType = "com.apple.product-type.library.static";
		};
/* End PBXNativeTarget section */

/* Begin PBXProject section */
		5D72D2E01C16249000E22EC1 /* Project object */ = {
			isa = PBXProject;
			attributes = {
				LastUpgradeCheck = 0710;
				ORGANIZATIONNAME = "Atticus White";
				TargetAttributes = {
					5D72D2E71C16249000E22EC1 = {
						CreatedOnToolsVersion = 7.1.1;
					};
				};
			};
			buildConfigurationList = 5D72D2E31C16249000E22EC1 /* Build configuration list for PBXProject "RCTImageResizer" */;
			compatibilityVersion = "Xcode 3.2";
			developmentRegion = English;
			hasScannedForEncodings = 0;
			knownRegions = (
				en,
			);
			mainGroup = 5D72D2DF1C16249000E22EC1;
			productRefGroup = 5D72D2E91C16249000E22EC1 /* Products */;
			projectDirPath = "";
			projectRoot = "";
			targets = (
				5D72D2E71C16249000E22EC1 /* RCTImageResizer */,
			);
		};
/* End PBXProject section */

/* Begin PBXSourcesBuildPhase section */
		5D72D2E41C16249000E22EC1 /* Sources */ = {
			isa = PBXSourcesBuildPhase;
			buildActionMask = 2147483647;
			files = (
				5D72D2EE1C16249000E22EC1 /* RCTImageResizer.m in Sources */,
				B62D1C4C1C95C21300AD70F2 /* ImageHelpers.m in Sources */,
			);
			runOnlyForDeploymentPostprocessing = 0;
		};
/* End PBXSourcesBuildPhase section */

/* Begin XCBuildConfiguration section */
		5D72D2EF1C16249000E22EC1 /* Debug */ = {
			isa = XCBuildConfiguration;
			buildSettings = {
				ALWAYS_SEARCH_USER_PATHS = NO;
				CLANG_CXX_LANGUAGE_STANDARD = "gnu++0x";
				CLANG_CXX_LIBRARY = "libc++";
				CLANG_ENABLE_MODULES = YES;
				CLANG_ENABLE_OBJC_ARC = YES;
				CLANG_WARN_BOOL_CONVERSION = YES;
				CLANG_WARN_CONSTANT_CONVERSION = YES;
				CLANG_WARN_DIRECT_OBJC_ISA_USAGE = YES_ERROR;
				CLANG_WARN_EMPTY_BODY = YES;
				CLANG_WARN_ENUM_CONVERSION = YES;
				CLANG_WARN_INT_CONVERSION = YES;
				CLANG_WARN_OBJC_ROOT_CLASS = YES_ERROR;
				CLANG_WARN_UNREACHABLE_CODE = YES;
				CLANG_WARN__DUPLICATE_METHOD_MATCH = YES;
				"CODE_SIGN_IDENTITY[sdk=iphoneos*]" = "iPhone Developer";
				COPY_PHASE_STRIP = NO;
				DEBUG_INFORMATION_FORMAT = dwarf;
				ENABLE_STRICT_OBJC_MSGSEND = YES;
				ENABLE_TESTABILITY = YES;
				GCC_C_LANGUAGE_STANDARD = gnu99;
				GCC_DYNAMIC_NO_PIC = NO;
				GCC_NO_COMMON_BLOCKS = YES;
				GCC_OPTIMIZATION_LEVEL = 0;
				GCC_PREPROCESSOR_DEFINITIONS = (
					"DEBUG=1",
					"$(inherited)",
				);
				GCC_WARN_64_TO_32_BIT_CONVERSION = YES;
				GCC_WARN_ABOUT_RETURN_TYPE = YES_ERROR;
				GCC_WARN_UNDECLARED_SELECTOR = YES;
				GCC_WARN_UNINITIALIZED_AUTOS = YES_AGGRESSIVE;
				GCC_WARN_UNUSED_FUNCTION = YES;
				GCC_WARN_UNUSED_VARIABLE = YES;
				IPHONEOS_DEPLOYMENT_TARGET = 9.1;
				MTL_ENABLE_DEBUG_INFO = YES;
				ONLY_ACTIVE_ARCH = YES;
				SDKROOT = iphoneos;
			};
			name = Debug;
		};
		5D72D2F01C16249000E22EC1 /* Release */ = {
			isa = XCBuildConfiguration;
			buildSettings = {
				ALWAYS_SEARCH_USER_PATHS = NO;
				CLANG_CXX_LANGUAGE_STANDARD = "gnu++0x";
				CLANG_CXX_LIBRARY = "libc++";
				CLANG_ENABLE_MODULES = YES;
				CLANG_ENABLE_OBJC_ARC = YES;
				CLANG_WARN_BOOL_CONVERSION = YES;
				CLANG_WARN_CONSTANT_CONVERSION = YES;
				CLANG_WARN_DIRECT_OBJC_ISA_USAGE = YES_ERROR;
				CLANG_WARN_EMPTY_BODY = YES;
				CLANG_WARN_ENUM_CONVERSION = YES;
				CLANG_WARN_INT_CONVERSION = YES;
				CLANG_WARN_OBJC_ROOT_CLASS = YES_ERROR;
				CLANG_WARN_UNREACHABLE_CODE = YES;
				CLANG_WARN__DUPLICATE_METHOD_MATCH = YES;
				"CODE_SIGN_IDENTITY[sdk=iphoneos*]" = "iPhone Developer";
				COPY_PHASE_STRIP = NO;
				DEBUG_INFORMATION_FORMAT = "dwarf-with-dsym";
				ENABLE_NS_ASSERTIONS = NO;
				ENABLE_STRICT_OBJC_MSGSEND = YES;
				GCC_C_LANGUAGE_STANDARD = gnu99;
				GCC_NO_COMMON_BLOCKS = YES;
				GCC_WARN_64_TO_32_BIT_CONVERSION = YES;
				GCC_WARN_ABOUT_RETURN_TYPE = YES_ERROR;
				GCC_WARN_UNDECLARED_SELECTOR = YES;
				GCC_WARN_UNINITIALIZED_AUTOS = YES_AGGRESSIVE;
				GCC_WARN_UNUSED_FUNCTION = YES;
				GCC_WARN_UNUSED_VARIABLE = YES;
				IPHONEOS_DEPLOYMENT_TARGET = 9.1;
				MTL_ENABLE_DEBUG_INFO = NO;
				SDKROOT = iphoneos;
				VALIDATE_PRODUCT = YES;
			};
			name = Release;
		};
		5D72D2F21C16249000E22EC1 /* Debug */ = {
			isa = XCBuildConfiguration;
			buildSettings = {
				HEADER_SEARCH_PATHS = (
					"$(inherited)",
					/Applications/Xcode.app/Contents/Developer/Toolchains/XcodeDefault.xctoolchain/usr/include,
					"$(SRCROOT)/../../react-native/React/**",
					"$(SRCROOT)/../../react-native/Libraries/**",
				);
				IPHONEOS_DEPLOYMENT_TARGET = 7.0;
				OTHER_LDFLAGS = "-ObjC";
				PRODUCT_NAME = "$(TARGET_NAME)";
				SKIP_INSTALL = YES;
			};
			name = Debug;
		};
		5D72D2F31C16249000E22EC1 /* Release */ = {
			isa = XCBuildConfiguration;
			buildSettings = {
				HEADER_SEARCH_PATHS = (
					"$(inherited)",
					/Applications/Xcode.app/Contents/Developer/Toolchains/XcodeDefault.xctoolchain/usr/include,
					"$(SRCROOT)/../../react-native/React/**",
					"$(SRCROOT)/../../react-native/Libraries/**",
				);
				IPHONEOS_DEPLOYMENT_TARGET = 7.0;
				OTHER_LDFLAGS = "-ObjC";
				PRODUCT_NAME = "$(TARGET_NAME)";
				SKIP_INSTALL = YES;
			};
			name = Release;
		};
/* End XCBuildConfiguration section */

/* Begin XCConfigurationList section */
		5D72D2E31C16249000E22EC1 /* Build configuration list for PBXProject "RCTImageResizer" */ = {
			isa = XCConfigurationList;
			buildConfigurations = (
				5D72D2EF1C16249000E22EC1 /* Debug */,
				5D72D2F01C16249000E22EC1 /* Release */,
			);
			defaultConfigurationIsVisible = 0;
			defaultConfigurationName = Release;
		};
		5D72D2F11C16249000E22EC1 /* Build configuration list for PBXNativeTarget "RCTImageResizer" */ = {
			isa = XCConfigurationList;
			buildConfigurations = (
				5D72D2F21C16249000E22EC1 /* Debug */,
				5D72D2F31C16249000E22EC1 /* Release */,
			);
			defaultConfigurationIsVisible = 0;
			defaultConfigurationName = Release;
		};
/* End XCConfigurationList section */
	};
	rootObject = 5D72D2E01C16249000E22EC1 /* Project object */;
}
